NeoBundleLock emmet-vim 1c240c6d6d1fb2ed67b3f42146d498541bcf3bd1
NeoBundleLock neobundle.vim e1832e15bcaca00322a203713387d3ce5d373f74
NeoBundleLock nerdtree bcf3de4fdffae45fc7c85b6b84a01b37177924aa
NeoBundleLock nyan-modoki.vim 383c58321508bb486a063a24153da9359281a544
NeoBundleLock vim-autoclose a9a3b7384657bc1f60a963fd6c08c63fc48d61c3
